
Microsoft Visual Studio Solution File, Format Version 12.00
# Visual Studio Version 16
VisualStudioVersion = 16.0.30204.135
MinimumVisualStudioVersion = 10.0.40219.1
Project("{FAE04EC0-301F-11D3-BF4B-00C04F79EFBC}") = "Phamacy_Mini_Project", "Phamacy_Mini_Project.csproj", "{68FC566F-D6CC-45C1-A9A4-8486111F1382}"
EndProject
Global
	GlobalSection(SolutionConfigurationPlatforms) = preSolution
		Debug|Any CPU = Debug|Any CPU
		Release|Any CPU = Release|Any CPU
	EndGlobalSection
	GlobalSection(ProjectConfigurationPlatforms) = postSolution
		{68FC566F-D6CC-45C1-A9A4-8486111F1382}.Debug|Any CPU.ActiveCfg = Debug|Any CPU
		{68FC566F-D6CC-45C1-A9A4-8486111F1382}.Debug|Any CPU.Build.0 = Debug|Any CPU
		{68FC566F-D6CC-45C1-A9A4-8486111F1382}.Release|Any CPU.ActiveCfg = Release|Any CPU
		{68FC566F-D6CC-45C1-A9A4-8486111F1382}.Release|Any CPU.Build.0 = Release|Any CPU
	EndGlobalSection
	GlobalSection(SolutionProperties) = preSolution
		HideSolutionNode = FALSE
	EndGlobalSection
	GlobalSection(ExtensibilityGlobals) = postSolution
		SolutionGuid = {446F6A78-8987-41BC-97B9-E710A79D769A}
	EndGlobalSection
EndGlobal
